
Microsoft Visual Studio Solution File, Format Version 12.00
# Visual Studio Version 17
VisualStudioVersion = 17.5.33627.172
MinimumVisualStudioVersion = 10.0.40219.1
Project("{FAE04EC0-301F-11D3-BF4B-00C04F79EFBC}") = "EmployeeTasksManagingApp", "EmployeeTasksManagingApp\EmployeeTasksManagingApp.csproj", "{B730228D-DFB4-4B15-BEE4-28C831C463FE}"
EndProject
Project("{FAE04EC0-301F-11D3-BF4B-00C04F79EFBC}") = "ModelLibrary", "ModelLibrary\ModelLibrary.csproj", "{40B27D3D-A358-4BA6-BC5F-07A6AD6D1869}"
EndProject
Project("{FAE04EC0-301F-11D3-BF4B-00C04F79EFBC}") = "DataAccessLibrary", "DataAccessLibrary\DataAccessLibrary.csproj", "{2F1B57CF-C3FC-4F44-AADE-5BD72FBFE4E9}"
EndProject
Project("{FAE04EC0-301F-11D3-BF4B-00C04F79EFBC}") = "BusinessLibrary", "BusinessLibrary\BusinessLibrary.csproj", "{8B81021F-010E-4F61-A465-403812BF4A2F}"
EndProject
Project("{FAE04EC0-301F-11D3-BF4B-00C04F79EFBC}") = "BusinessLibraryTests", "BusinessLibraryTests\BusinessLibraryTests.csproj", "{AB3618E0-E0FD-459A-A3E3-C4060926DA66}"
EndProject
Global
	GlobalSection(SolutionConfigurationPlatforms) = preSolution
		Debug|Any CPU = Debug|Any CPU
		Release|Any CPU = Release|Any CPU
	EndGlobalSection
	GlobalSection(ProjectConfigurationPlatforms) = postSolution
		{B730228D-DFB4-4B15-BEE4-28C831C463FE}.Debug|Any CPU.ActiveCfg = Debug|Any CPU
		{B730228D-DFB4-4B15-BEE4-28C831C463FE}.Debug|Any CPU.Build.0 = Debug|Any CPU
		{B730228D-DFB4-4B15-BEE4-28C831C463FE}.Release|Any CPU.ActiveCfg = Release|Any CPU
		{B730228D-DFB4-4B15-BEE4-28C831C463FE}.Release|Any CPU.Build.0 = Release|Any CPU
		{40B27D3D-A358-4BA6-BC5F-07A6AD6D1869}.Debug|Any CPU.ActiveCfg = Debug|Any CPU
		{40B27D3D-A358-4BA6-BC5F-07A6AD6D1869}.Debug|Any CPU.Build.0 = Debug|Any CPU
		{40B27D3D-A358-4BA6-BC5F-07A6AD6D1869}.Release|Any CPU.ActiveCfg = Release|Any CPU
		{40B27D3D-A358-4BA6-BC5F-07A6AD6D1869}.Release|Any CPU.Build.0 = Release|Any CPU
		{2F1B57CF-C3FC-4F44-AADE-5BD72FBFE4E9}.Debug|Any CPU.ActiveCfg = Debug|Any CPU
		{2F1B57CF-C3FC-4F44-AADE-5BD72FBFE4E9}.Debug|Any CPU.Build.0 = Debug|Any CPU
		{2F1B57CF-C3FC-4F44-AADE-5BD72FBFE4E9}.Release|Any CPU.ActiveCfg = Release|Any CPU
		{2F1B57CF-C3FC-4F44-AADE-5BD72FBFE4E9}.Release|Any CPU.Build.0 = Release|Any CPU
		{8B81021F-010E-4F61-A465-403812BF4A2F}.Debug|Any CPU.ActiveCfg = Debug|Any CPU
		{8B81021F-010E-4F61-A465-403812BF4A2F}.Debug|Any CPU.Build.0 = Debug|Any CPU
		{8B81021F-010E-4F61-A465-403812BF4A2F}.Release|Any CPU.ActiveCfg = Release|Any CPU
		{8B81021F-010E-4F61-A465-403812BF4A2F}.Release|Any CPU.Build.0 = Release|Any CPU
		{AB3618E0-E0FD-459A-A3E3-C4060926DA66}.Debug|Any CPU.ActiveCfg = Debug|Any CPU
		{AB3618E0-E0FD-459A-A3E3-C4060926DA66}.Debug|Any CPU.Build.0 = Debug|Any CPU
		{AB3618E0-E0FD-459A-A3E3-C4060926DA66}.Release|Any CPU.ActiveCfg = Release|Any CPU
		{AB3618E0-E0FD-459A-A3E3-C4060926DA66}.Release|Any CPU.Build.0 = Release|Any CPU
	EndGlobalSection
	GlobalSection(SolutionProperties) = preSolution
		HideSolutionNode = FALSE
	EndGlobalSection
	GlobalSection(ExtensibilityGlobals) = postSolution
		SolutionGuid = {8480DFE5-11A8-4907-8438-2F93715695D3}
	EndGlobalSection
EndGlobal
